
Microsoft Visual Studio Solution File, Format Version 12.00
# Visual Studio Version 16
VisualStudioVersion = 16.0.29311.281
MinimumVisualStudioVersion = 10.0.40219.1
Project("{9A19103F-16F7-4668-BE54-9A1E7A4F7556}") = "ComplexFaker.ConsoleDemo", "ComplexFaker.ConsoleDemo\ComplexFaker.ConsoleDemo.csproj", "{5BB2B863-6E43-427F-9989-7D9679A5893F}"
EndProject
Project("{9A19103F-16F7-4668-BE54-9A1E7A4F7556}") = "ComplexFaker", "ComplexFaker\ComplexFaker.csproj", "{5F9F20AD-402F-405E-8428-D20B92F649D3}"
EndProject
Project("{2150E333-8FDC-42A3-9474-1A3956D46DE8}") = "Src", "Src", "{E1FC2E5F-4C20-4379-992B-EB5F9FF5BF96}"
EndProject
Project("{9A19103F-16F7-4668-BE54-9A1E7A4F7556}") = "ComplexFaker.Test", "ComplexFaker.Test\ComplexFaker.Test.csproj", "{EE613969-ADC1-453F-81E0-90B37EAE562A}"
EndProject
Global
	GlobalSection(SolutionConfigurationPlatforms) = preSolution
		Debug|Any CPU = Debug|Any CPU
		Release|Any CPU = Release|Any CPU
	EndGlobalSection
	GlobalSection(ProjectConfigurationPlatforms) = postSolution
		{5BB2B863-6E43-427F-9989-7D9679A5893F}.Debug|Any CPU.ActiveCfg = Debug|Any CPU
		{5BB2B863-6E43-427F-9989-7D9679A5893F}.Debug|Any CPU.Build.0 = Debug|Any CPU
		{5BB2B863-6E43-427F-9989-7D9679A5893F}.Release|Any CPU.ActiveCfg = Release|Any CPU
		{5BB2B863-6E43-427F-9989-7D9679A5893F}.Release|Any CPU.Build.0 = Release|Any CPU
		{5F9F20AD-402F-405E-8428-D20B92F649D3}.Debug|Any CPU.ActiveCfg = Debug|Any CPU
		{5F9F20AD-402F-405E-8428-D20B92F649D3}.Debug|Any CPU.Build.0 = Debug|Any CPU
		{5F9F20AD-402F-405E-8428-D20B92F649D3}.Release|Any CPU.ActiveCfg = Release|Any CPU
		{5F9F20AD-402F-405E-8428-D20B92F649D3}.Release|Any CPU.Build.0 = Release|Any CPU
		{EE613969-ADC1-453F-81E0-90B37EAE562A}.Debug|Any CPU.ActiveCfg = Debug|Any CPU
		{EE613969-ADC1-453F-81E0-90B37EAE562A}.Debug|Any CPU.Build.0 = Debug|Any CPU
		{EE613969-ADC1-453F-81E0-90B37EAE562A}.Release|Any CPU.ActiveCfg = Release|Any CPU
		{EE613969-ADC1-453F-81E0-90B37EAE562A}.Release|Any CPU.Build.0 = Release|Any CPU
	EndGlobalSection
	GlobalSection(SolutionProperties) = preSolution
		HideSolutionNode = FALSE
	EndGlobalSection
	GlobalSection(NestedProjects) = preSolution
		{5BB2B863-6E43-427F-9989-7D9679A5893F} = {E1FC2E5F-4C20-4379-992B-EB5F9FF5BF96}
		{5F9F20AD-402F-405E-8428-D20B92F649D3} = {E1FC2E5F-4C20-4379-992B-EB5F9FF5BF96}
		{EE613969-ADC1-453F-81E0-90B37EAE562A} = {E1FC2E5F-4C20-4379-992B-EB5F9FF5BF96}
	EndGlobalSection
	GlobalSection(ExtensibilityGlobals) = postSolution
		SolutionGuid = {A13DBBA2-5EAB-4690-B04D-A581A7F3F957}
	EndGlobalSection
EndGlobal
